// !$*UTF8*$!
{
	archiveVersion = 1;
	classes = {
	};
	objectVersion = 55;
	objects = {

/* Begin PBXBuildFile section */
		443B606627E86BD8009C6390 /* AppDelegate.swift in Sources */ = {isa = PBXBuildFile; fileRef = 443B606527E86BD8009C6390 /* AppDelegate.swift */; };
		443B606827E86BD8009C6390 /* SceneDelegate.swift in Sources */ = {isa = PBXBuildFile; fileRef = 443B606727E86BD8009C6390 /* SceneDelegate.swift */; };
		443B606A27E86BD8009C6390 /* ViewController.swift in Sources */ = {isa = PBXBuildFile; fileRef = 443B606927E86BD8009C6390 /* ViewController.swift */; };
		443B606D27E86BD8009C6390 /* Main.storyboard in Resources */ = {isa = PBXBuildFile; fileRef = 443B606B27E86BD8009C6390 /* Main.storyboard */; };
		443B606F27E86BDE009C6390 /* Assets.xcassets in Resources */ = {isa = PBXBuildFile; fileRef = 443B606E27E86BDE009C6390 /* Assets.xcassets */; };
		443B607227E86BDE009C6390 /* LaunchScreen.storyboard in Resources */ = {isa = PBXBuildFile; fileRef = 443B607027E86BDE009C6390 /* LaunchScreen.storyboard */; };
		443B607E27E8709E009C6390 /* APICaller.swift in Sources */ = {isa = PBXBuildFile; fileRef = 443B607D27E8709E009C6390 /* APICaller.swift */; };
		443B608127E8736D009C6390 /* APIResponse.swift in Sources */ = {isa = PBXBuildFile; fileRef = 443B608027E8736D009C6390 /* APIResponse.swift */; };
		443B608427E87E49009C6390 /* ViewController+Ext.swift in Sources */ = {isa = PBXBuildFile; fileRef = 443B608327E87E49009C6390 /* ViewController+Ext.swift */; };
		443B608727E88126009C6390 /* NewsTableViewCell.swift in Sources */ = {isa = PBXBuildFile; fileRef = 443B608627E88126009C6390 /* NewsTableViewCell.swift */; };
		443B608927E8B823009C6390 /* NewsTableViewCellViewModel.swift in Sources */ = {isa = PBXBuildFile; fileRef = 443B608827E8B823009C6390 /* NewsTableViewCellViewModel.swift */; };
/* End PBXBuildFile section */

/* Begin PBXFileReference section */
		443B606227E86BD8009C6390 /* News.app */ = {isa = PBXFileReference; explicitFileType = wrapper.application; includeInIndex = 0; path = News.app; sourceTree = BUILT_PRODUCTS_DIR; };
		443B606527E86BD8009C6390 /* AppDelegate.swift */ = {isa = PBXFileReference; lastKnownFileType = sourcecode.swift; path = AppDelegate.swift; sourceTree = "<group>"; };
		443B606727E86BD8009C6390 /* SceneDelegate.swift */ = {isa = PBXFileReference; lastKnownFileType = sourcecode.swift; path = SceneDelegate.swift; sourceTree = "<group>"; };
		443B606927E86BD8009C6390 /* ViewController.swift */ = {isa = PBXFileReference; lastKnownFileType = sourcecode.swift; path = ViewController.swift; sourceTree = "<group>"; };
		443B606C27E86BD8009C6390 /* Base */ = {isa = PBXFileReference; lastKnownFileType = file.storyboard; name = Base; path = Base.lproj/Main.storyboard; sourceTree = "<group>"; };
		443B606E27E86BDE009C6390 /* Assets.xcassets */ = {isa = PBXFileReference; lastKnownFileType = folder.assetcatalog; path = Assets.xcassets; sourceTree = "<group>"; };
		443B607127E86BDE009C6390 /* Base */ = {isa = PBXFileReference; lastKnownFileType = file.storyboard; name = Base; path = Base.lproj/LaunchScreen.storyboard; sourceTree = "<group>"; };
		443B607327E86BDE009C6390 /* Info.plist */ = {isa = PBXFileReference; lastKnownFileType = text.plist.xml; path = Info.plist; sourceTree = "<group>"; };
		443B607D27E8709E009C6390 /* APICaller.swift */ = {isa = PBXFileReference; lastKnownFileType = sourcecode.swift; path = APICaller.swift; sourceTree = "<group>"; };
		443B608027E8736D009C6390 /* APIResponse.swift */ = {isa = PBXFileReference; lastKnownFileType = sourcecode.swift; path = APIResponse.swift; sourceTree = "<group>"; };
		443B608327E87E49009C6390 /* ViewController+Ext.swift */ = {isa = PBXFileReference; lastKnownFileType = sourcecode.swift; path = "ViewController+Ext.swift"; sourceTree = "<group>"; };
		443B608627E88126009C6390 /* NewsTableViewCell.swift */ = {isa = PBXFileReference; lastKnownFileType = sourcecode.swift; path = NewsTableViewCell.swift; sourceTree = "<group>"; };
		443B608827E8B823009C6390 /* NewsTableViewCellViewModel.swift */ = {isa = PBXFileReference; lastKnownFileType = sourcecode.swift; path = NewsTableViewCellViewModel.swift; sourceTree = "<group>"; };
/* End PBXFileReference section */

/* Begin PBXFrameworksBuildPhase section */
		443B605F27E86BD8009C6390 /* Frameworks */ = {
			isa = PBXFrameworksBuildPhase;
			buildActionMask = 2147483647;
			files = (
			);
			runOnlyForDeploymentPostprocessing = 0;
		};
/* End PBXFrameworksBuildPhase section */

/* Begin PBXGroup section */
		443B605927E86BD8009C6390 = {
			isa = PBXGroup;
			children = (
				443B606427E86BD8009C6390 /* News */,
				443B606327E86BD8009C6390 /* Products */,
			);
			sourceTree = "<group>";
		};
		443B606327E86BD8009C6390 /* Products */ = {
			isa = PBXGroup;
			children = (
				443B606227E86BD8009C6390 /* News.app */,
			);
			name = Products;
			sourceTree = "<group>";
		};
		443B606427E86BD8009C6390 /* News */ = {
			isa = PBXGroup;
			children = (
				443B608227E87E21009C6390 /* Extension */,
				443B607C27E87080009C6390 /* Network */,
				443B607F27E87336009C6390 /* Model */,
				443B607A27E86CDC009C6390 /* Controller */,
				443B608527E880F9009C6390 /* Cell */,
				443B607B27E86CFE009C6390 /* View */,
				443B607927E86C72009C6390 /* SupportFiles */,
			);
			path = News;
			sourceTree = "<group>";
		};
		443B607927E86C72009C6390 /* SupportFiles */ = {
			isa = PBXGroup;
			children = (
				443B606527E86BD8009C6390 /* AppDelegate.swift */,
				443B606727E86BD8009C6390 /* SceneDelegate.swift */,
				443B606E27E86BDE009C6390 /* Assets.xcassets */,
				443B607327E86BDE009C6390 /* Info.plist */,
			);
			path = SupportFiles;
			sourceTree = "<group>";
		};
		443B607A27E86CDC009C6390 /* Controller */ = {
			isa = PBXGroup;
			children = (
				443B606927E86BD8009C6390 /* ViewController.swift */,
			);
			path = Controller;
			sourceTree = "<group>";
		};
		443B607B27E86CFE009C6390 /* View */ = {
			isa = PBXGroup;
			children = (
				443B606B27E86BD8009C6390 /* Main.storyboard */,
				443B607027E86BDE009C6390 /* LaunchScreen.storyboard */,
			);
			path = View;
			sourceTree = "<group>";
		};
		443B607C27E87080009C6390 /* Network */ = {
			isa = PBXGroup;
			children = (
				443B607D27E8709E009C6390 /* APICaller.swift */,
			);
			path = Network;
			sourceTree = "<group>";
		};
		443B607F27E87336009C6390 /* Model */ = {
			isa = PBXGroup;
			children = (
				443B608027E8736D009C6390 /* APIResponse.swift */,
				443B608827E8B823009C6390 /* NewsTableViewCellViewModel.swift */,
			);
			path = Model;
			sourceTree = "<group>";
		};
		443B608227E87E21009C6390 /* Extension */ = {
			isa = PBXGroup;
			children = (
				443B608327E87E49009C6390 /* ViewController+Ext.swift */,
			);
			path = Extension;
			sourceTree = "<group>";
		};
		443B608527E880F9009C6390 /* Cell */ = {
			isa = PBXGroup;
			children = (
				443B608627E88126009C6390 /* NewsTableViewCell.swift */,
			);
			path = Cell;
			sourceTree = "<group>";
		};
/* End PBXGroup section */

/* Begin PBXNativeTarget section */
		443B606127E86BD8009C6390 /* News */ = {
			isa = PBXNativeTarget;
			buildConfigurationList = 443B607627E86BDE009C6390 /* Build configuration list for PBXNativeTarget "News" */;
			buildPhases = (
				443B605E27E86BD8009C6390 /* Sources */,
				443B605F27E86BD8009C6390 /* Frameworks */,
				443B606027E86BD8009C6390 /* Resources */,
			);
			buildRules = (
			);
			dependencies = (
			);
			name = News;
			productName = News;
			productReference = 443B606227E86BD8009C6390 /* News.app */;
			productType = "com.apple.product-type.application";
		};
/* End PBXNativeTarget section */

/* Begin PBXProject section */
		443B605A27E86BD8009C6390 /* Project object */ = {
			isa = PBXProject;
			attributes = {
				BuildIndependentTargetsInParallel = 1;
				LastSwiftUpdateCheck = 1320;
				LastUpgradeCheck = 1320;
				TargetAttributes = {
					443B606127E86BD8009C6390 = {
						CreatedOnToolsVersion = 13.2.1;
					};
				};
			};
			buildConfigurationList = 443B605D27E86BD8009C6390 /* Build configuration list for PBXProject "News" */;
			compatibilityVersion = "Xcode 13.0";
			developmentRegion = en;
			hasScannedForEncodings = 0;
			knownRegions = (
				en,
				Base,
			);
			mainGroup = 443B605927E86BD8009C6390;
			productRefGroup = 443B606327E86BD8009C6390 /* Products */;
			projectDirPath = "";
			projectRoot = "";
			targets = (
				443B606127E86BD8009C6390 /* News */,
			);
		};
/* End PBXProject section */

/* Begin PBXResourcesBuildPhase section */
		443B606027E86BD8009C6390 /* Resources */ = {
			isa = PBXResourcesBuildPhase;
			buildActionMask = 2147483647;
			files = (
				443B607227E86BDE009C6390 /* LaunchScreen.storyboard in Resources */,
				443B606F27E86BDE009C6390 /* Assets.xcassets in Resources */,
				443B606D27E86BD8009C6390 /* Main.storyboard in Resources */,
			);
			runOnlyForDeploymentPostprocessing = 0;
		};
/* End PBXResourcesBuildPhase section */

/* Begin PBXSourcesBuildPhase section */
		443B605E27E86BD8009C6390 /* Sources */ = {
			isa = PBXSourcesBuildPhase;
			buildActionMask = 2147483647;
			files = (
				443B606A27E86BD8009C6390 /* ViewController.swift in Sources */,
				443B608727E88126009C6390 /* NewsTableViewCell.swift in Sources */,
				443B606627E86BD8009C6390 /* AppDelegate.swift in Sources */,
				443B608427E87E49009C6390 /* ViewController+Ext.swift in Sources */,
				443B606827E86BD8009C6390 /* SceneDelegate.swift in Sources */,
				443B608127E8736D009C6390 /* APIResponse.swift in Sources */,
				443B608927E8B823009C6390 /* NewsTableViewCellViewModel.swift in Sources */,
				443B607E27E8709E009C6390 /* APICaller.swift in Sources */,
			);
			runOnlyForDeploymentPostprocessing = 0;
		};
/* End PBXSourcesBuildPhase section */

/* Begin PBXVariantGroup section */
		443B606B27E86BD8009C6390 /* Main.storyboard */ = {
			isa = PBXVariantGroup;
			children = (
				443B606C27E86BD8009C6390 /* Base */,
			);
			name = Main.storyboard;
			sourceTree = "<group>";
		};
		443B607027E86BDE009C6390 /* LaunchScreen.storyboard */ = {
			isa = PBXVariantGroup;
			children = (
				443B607127E86BDE009C6390 /* Base */,
			);
			name = LaunchScreen.storyboard;
			sourceTree = "<group>";
		};
/* End PBXVariantGroup section */

/* Begin XCBuildConfiguration section */
		443B607427E86BDE009C6390 /* Debug */ = {
			isa = XCBuildConfiguration;
			buildSettings = {
				ALWAYS_SEARCH_USER_PATHS = NO;
				CLANG_ANALYZER_NONNULL = YES;
				CLANG_ANALYZER_NUMBER_OBJECT_CONVERSION = YES_AGGRESSIVE;
				CLANG_CXX_LANGUAGE_STANDARD = "gnu++17";
				CLANG_CXX_LIBRARY = "libc++";
				CLANG_ENABLE_MODULES = YES;
				CLANG_ENABLE_OBJC_ARC = YES;
				CLANG_ENABLE_OBJC_WEAK = YES;
				CLANG_WARN_BLOCK_CAPTURE_AUTORELEASING = YES;
				CLANG_WARN_BOOL_CONVERSION = YES;
				CLANG_WARN_COMMA = YES;
				CLANG_WARN_CONSTANT_CONVERSION = YES;
				CLANG_WARN_DEPRECATED_OBJC_IMPLEMENTATIONS = YES;
				CLANG_WARN_DIRECT_OBJC_ISA_USAGE = YES_ERROR;
				CLANG_WARN_DOCUMENTATION_COMMENTS = YES;
				CLANG_WARN_EMPTY_BODY = YES;
				CLANG_WARN_ENUM_CONVERSION = YES;
				CLANG_WARN_INFINITE_RECURSION = YES;
				CLANG_WARN_INT_CONVERSION = YES;
				CLANG_WARN_NON_LITERAL_NULL_CONVERSION = YES;
				CLANG_WARN_OBJC_IMPLICIT_RETAIN_SELF = YES;
				CLANG_WARN_OBJC_LITERAL_CONVERSION = YES;
				CLANG_WARN_OBJC_ROOT_CLASS = YES_ERROR;
				CLANG_WARN_QUOTED_INCLUDE_IN_FRAMEWORK_HEADER = YES;
				CLANG_WARN_RANGE_LOOP_ANALYSIS = YES;
				CLANG_WARN_STRICT_PROTOTYPES = YES;
				CLANG_WARN_SUSPICIOUS_MOVE = YES;
				CLANG_WARN_UNGUARDED_AVAILABILITY = YES_AGGRESSIVE;
				CLANG_WARN_UNREACHABLE_CODE = YES;
				CLANG_WARN__DUPLICATE_METHOD_MATCH = YES;
				COPY_PHASE_STRIP = NO;
				DEBUG_INFORMATION_FORMAT = dwarf;
				ENABLE_STRICT_OBJC_MSGSEND = YES;
				ENABLE_TESTABILITY = YES;
				GCC_C_LANGUAGE_STANDARD = gnu11;
				GCC_DYNAMIC_NO_PIC = NO;
				GCC_NO_COMMON_BLOCKS = YES;
				GCC_OPTIMIZATION_LEVEL = 0;
				GCC_PREPROCESSOR_DEFINITIONS = (
					"DEBUG=1",
					"$(inherited)",
				);
				GCC_WARN_64_TO_32_BIT_CONVERSION = YES;
				GCC_WARN_ABOUT_RETURN_TYPE = YES_ERROR;
				GCC_WARN_UNDECLARED_SELECTOR = YES;
				GCC_WARN_UNINITIALIZED_AUTOS = YES_AGGRESSIVE;
				GCC_WARN_UNUSED_FUNCTION = YES;
				GCC_WARN_UNUSED_VARIABLE = YES;
				IPHONEOS_DEPLOYMENT_TARGET = 15.2;
				MTL_ENABLE_DEBUG_INFO = INCLUDE_SOURCE;
				MTL_FAST_MATH = YES;
				ONLY_ACTIVE_ARCH = YES;
				SDKROOT = iphoneos;
				SWIFT_ACTIVE_COMPILATION_CONDITIONS = DEBUG;
				SWIFT_OPTIMIZATION_LEVEL = "-Onone";
			};
			name = Debug;
		};
		443B607527E86BDE009C6390 /* Release */ = {
			isa = XCBuildConfiguration;
			buildSettings = {
				ALWAYS_SEARCH_USER_PATHS = NO;
				CLANG_ANALYZER_NONNULL = YES;
				CLANG_ANALYZER_NUMBER_OBJECT_CONVERSION = YES_AGGRESSIVE;
				CLANG_CXX_LANGUAGE_STANDARD = "gnu++17";
				CLANG_CXX_LIBRARY = "libc++";
				CLANG_ENABLE_MODULES = YES;
				CLANG_ENABLE_OBJC_ARC = YES;
				CLANG_ENABLE_OBJC_WEAK = YES;
				CLANG_WARN_BLOCK_CAPTURE_AUTORELEASING = YES;
				CLANG_WARN_BOOL_CONVERSION = YES;
				CLANG_WARN_COMMA = YES;
				CLANG_WARN_CONSTANT_CONVERSION = YES;
				CLANG_WARN_DEPRECATED_OBJC_IMPLEMENTATIONS = YES;
				CLANG_WARN_DIRECT_OBJC_ISA_USAGE = YES_ERROR;
				CLANG_WARN_DOCUMENTATION_COMMENTS = YES;
				CLANG_WARN_EMPTY_BODY = YES;
				CLANG_WARN_ENUM_CONVERSION = YES;
				CLANG_WARN_INFINITE_RECURSION = YES;
				CLANG_WARN_INT_CONVERSION = YES;
				CLANG_WARN_NON_LITERAL_NULL_CONVERSION = YES;
				CLANG_WARN_OBJC_IMPLICIT_RETAIN_SELF = YES;
				CLANG_WARN_OBJC_LITERAL_CONVERSION = YES;
				CLANG_WARN_OBJC_ROOT_CLASS = YES_ERROR;
				CLANG_WARN_QUOTED_INCLUDE_IN_FRAMEWORK_HEADER = YES;
				CLANG_WARN_RANGE_LOOP_ANALYSIS = YES;
				CLANG_WARN_STRICT_PROTOTYPES = YES;
				CLANG_WARN_SUSPICIOUS_MOVE = YES;
				CLANG_WARN_UNGUARDED_AVAILABILITY = YES_AGGRESSIVE;
				CLANG_WARN_UNREACHABLE_CODE = YES;
				CLANG_WARN__DUPLICATE_METHOD_MATCH = YES;
				COPY_PHASE_STRIP = NO;
				DEBUG_INFORMATION_FORMAT = "dwarf-with-dsym";
				ENABLE_NS_ASSERTIONS = NO;
				ENABLE_STRICT_OBJC_MSGSEND = YES;
				GCC_C_LANGUAGE_STANDARD = gnu11;
				GCC_NO_COMMON_BLOCKS = YES;
				GCC_WARN_64_TO_32_BIT_CONVERSION = YES;
				GCC_WARN_ABOUT_RETURN_TYPE = YES_ERROR;
				GCC_WARN_UNDECLARED_SELECTOR = YES;
				GCC_WARN_UNINITIALIZED_AUTOS = YES_AGGRESSIVE;
				GCC_WARN_UNUSED_FUNCTION = YES;
				GCC_WARN_UNUSED_VARIABLE = YES;
				IPHONEOS_DEPLOYMENT_TARGET = 15.2;
				MTL_ENABLE_DEBUG_INFO = NO;
				MTL_FAST_MATH = YES;
				SDKROOT = iphoneos;
				SWIFT_COMPILATION_MODE = wholemodule;
				SWIFT_OPTIMIZATION_LEVEL = "-O";
				VALIDATE_PRODUCT = YES;
			};
			name = Release;
		};
		443B607727E86BDE009C6390 /* Debug */ = {
			isa = XCBuildConfiguration;
			buildSettings = {
				ASSETCATALOG_COMPILER_APPICON_NAME = AppIcon;
				ASSETCATALOG_COMPILER_GLOBAL_ACCENT_COLOR_NAME = AccentColor;
				CODE_SIGN_STYLE = Automatic;
				CURRENT_PROJECT_VERSION = 1;
				DEVELOPMENT_TEAM = 84N4PJWN7L;
				GENERATE_INFOPLIST_FILE = YES;
				INFOPLIST_FILE = News/SupportFiles/Info.plist;
				INFOPLIST_KEY_UIApplicationSupportsIndirectInputEvents = YES;
				INFOPLIST_KEY_UILaunchStoryboardName = LaunchScreen;
				INFOPLIST_KEY_UIMainStoryboardFile = Main;
				INFOPLIST_KEY_UISupportedInterfaceOrientations_iPad = "UIInterfaceOrientationPortrait UIInterfaceOrientationPortraitUpsideDown UIInterfaceOrientationLandscapeLeft UIInterfaceOrientationLandscapeRight";
				INFOPLIST_KEY_UISupportedInterfaceOrientations_iPhone = "UIInterfaceOrientationPortrait UIInterfaceOrientationLandscapeLeft UIInterfaceOrientationLandscapeRight";
				LD_RUNPATH_SEARCH_PATHS = (
					"$(inherited)",
					"@executable_path/Frameworks",
				);
				MARKETING_VERSION = 1.0;
				PRODUCT_BUNDLE_IDENTIFIER = "Nikita-Kogolenok.News";
				PRODUCT_NAME = "$(TARGET_NAME)";
				SWIFT_EMIT_LOC_STRINGS = YES;
				SWIFT_VERSION = 5.0;
				TARGETED_DEVICE_FAMILY = "1,2";
			};
			name = Debug;
		};
		443B607827E86BDE009C6390 /* Release */ = {
			isa = XCBuildConfiguration;
			buildSettings = {
				ASSETCATALOG_COMPILER_APPICON_NAME = AppIcon;
				ASSETCATALOG_COMPILER_GLOBAL_ACCENT_COLOR_NAME = AccentColor;
				CODE_SIGN_STYLE = Automatic;
				CURRENT_PROJECT_VERSION = 1;
				DEVELOPMENT_TEAM = 84N4PJWN7L;
				GENERATE_INFOPLIST_FILE = YES;
				INFOPLIST_FILE = News/SupportFiles/Info.plist;
				INFOPLIST_KEY_UIApplicationSupportsIndirectInputEvents = YES;
				INFOPLIST_KEY_UILaunchStoryboardName = LaunchScreen;
				INFOPLIST_KEY_UIMainStoryboardFile = Main;
				INFOPLIST_KEY_UISupportedInterfaceOrientations_iPad = "UIInterfaceOrientationPortrait UIInterfaceOrientationPortraitUpsideDown UIInterfaceOrientationLandscapeLeft UIInterfaceOrientationLandscapeRight";
				INFOPLIST_KEY_UISupportedInterfaceOrientations_iPhone = "UIInterfaceOrientationPortrait UIInterfaceOrientationLandscapeLeft UIInterfaceOrientationLandscapeRight";
				LD_RUNPATH_SEARCH_PATHS = (
					"$(inherited)",
					"@executable_path/Frameworks",
				);
				MARKETING_VERSION = 1.0;
				PRODUCT_BUNDLE_IDENTIFIER = "Nikita-Kogolenok.News";
				PRODUCT_NAME = "$(TARGET_NAME)";
				SWIFT_EMIT_LOC_STRINGS = YES;
				SWIFT_VERSION = 5.0;
				TARGETED_DEVICE_FAMILY = "1,2";
			};
			name = Release;
		};
/* End XCBuildConfiguration section */

/* Begin XCConfigurationList section */
		443B605D27E86BD8009C6390 /* Build configuration list for PBXProject "News" */ = {
			isa = XCConfigurationList;
			buildConfigurations = (
				443B607427E86BDE009C6390 /* Debug */,
				443B607527E86BDE009C6390 /* Release */,
			);
			defaultConfigurationIsVisible = 0;
			defaultConfigurationName = Release;
		};
		443B607627E86BDE009C6390 /* Build configuration list for PBXNativeTarget "News" */ = {
			isa = XCConfigurationList;
			buildConfigurations = (
				443B607727E86BDE009C6390 /* Debug */,
				443B607827E86BDE009C6390 /* Release */,
			);
			defaultConfigurationIsVisible = 0;
			defaultConfigurationName = Release;
		};
/* End XCConfigurationList section */
	};
	rootObject = 443B605A27E86BD8009C6390 /* Project object */;
}
